{
  "object": {
    "pins": [
      {
        "package": "COpenSSL",
        "repositoryURL": "https://github.com/PerfectlySoft/Perfect-COpenSSL.git",
        "state": {
          "branch": null,
          "revision": "87b6d1f313887fa11bd75e157a3678f066eec981",
          "version": "3.0.0"
        }
      },
      {
        "package": "CSQLite",
        "repositoryURL": "https://github.com/sharksync/CSQlite.git",
        "state": {
          "branch": null,
          "revision": "68683d73a047bd85470476955231e2e388262d7f",
          "version": "2.0.0"
        }
      },
      {
        "package": "CryptoSwift",
        "repositoryURL": "https://github.com/krzyzanowskim/CryptoSwift.git",
        "state": {
          "branch": null,
          "revision": "d0084e4a6fe9490b3baab3d3c2aad58d3a852daf",
          "version": "0.8.0"
        }
      },
      {
        "package": "PerfectCZlib",
        "repositoryURL": "https://github.com/PerfectlySoft/Perfect-CZlib-src.git",
        "state": {
          "branch": null,
          "revision": "2002034d47e9d57a695fb33ad2e09f136868b406",
          "version": "0.0.3"
        }
      },
      {
        "package": "PerfectCrypto",
        "repositoryURL": "https://github.com/PerfectlySoft/Perfect-Crypto.git",
        "state": {
          "branch": null,
          "revision": "c14a840457bf2c951fbb94a37ed26645e7cc7365",
          "version": "3.0.1"
        }
      },
      {
        "package": "PerfectHTTP",
        "repositoryURL": "https://github.com/PerfectlySoft/Perfect-HTTP.git",
        "state": {
          "branch": null,
          "revision": "2454e72f55145c4efa82805848e962070c7245c3",
          "version": "3.0.0"
        }
      },
      {
        "package": "PerfectHTTPServer",
        "repositoryURL": "https://github.com/PerfectlySoft/Perfect-HTTPServer.git",
        "state": {
          "branch": null,
          "revision": "f0abbe3d072b0a27525ca7799999fb4c60ccfffc",
          "version": "3.0.1"
        }
      },
      {
        "package": "PerfectLib",
        "repositoryURL": "https://github.com/PerfectlySoft/PerfectLib.git",
        "state": {
          "branch": null,
          "revision": "2f1b820a7a091336ee80e2450a5076c1c6d0624d",
          "version": "3.0.0"
        }
      },
      {
        "package": "PerfectNet",
        "repositoryURL": "https://github.com/PerfectlySoft/Perfect-Net.git",
        "state": {
          "branch": null,
          "revision": "5e137023e0373b3bdd46a5c80c3ec868fd1c383d",
          "version": "3.0.0"
        }
      },
      {
        "package": "PerfectThread",
        "repositoryURL": "https://github.com/PerfectlySoft/Perfect-Thread.git",
        "state": {
          "branch": null,
          "revision": "15e3eb947d2465a072c41c9a0bfbefa6c48b34ee",
          "version": "3.0.1"
        }
      },
      {
        "package": "SWSQLite",
        "repositoryURL": "https://github.com/sharksync/SWSQLite.git",
        "state": {
          "branch": null,
          "revision": "ebe58915980fe6e7f2de829c23149e177483e3fb",
          "version": "1.0.9"
        }
      },
      {
        "package": "SwiftyJSON",
        "repositoryURL": "https://github.com/SwiftyJSON/SwiftyJSON.git",
        "state": {
          "branch": null,
          "revision": "dadbfcffd5f51e2b488a26e83f188d96755e5393",
          "version": "3.1.4"
        }
      }
    ]
  },
  "version": 1
}
